
Microsoft Visual Studio Solution File, Format Version 12.00
# Visual Studio Version 17
VisualStudioVersion = 17.4.33110.190
MinimumVisualStudioVersion = 10.0.40219.1
Project("{FAE04EC0-301F-11D3-BF4B-00C04F79EFBC}") = "WebPasajero", "WebPasajero\WebPasajero.csproj", "{CC7EFD53-A879-45D8-85B0-9C943AB3E239}"
EndProject
Global
	GlobalSection(SolutionConfigurationPlatforms) = preSolution
		Debug|Any CPU = Debug|Any CPU
		Release|Any CPU = Release|Any CPU
	EndGlobalSection
	GlobalSection(ProjectConfigurationPlatforms) = postSolution
		{CC7EFD53-A879-45D8-85B0-9C943AB3E239}.Debug|Any CPU.ActiveCfg = Debug|Any CPU
		{CC7EFD53-A879-45D8-85B0-9C943AB3E239}.Debug|Any CPU.Build.0 = Debug|Any CPU
		{CC7EFD53-A879-45D8-85B0-9C943AB3E239}.Release|Any CPU.ActiveCfg = Release|Any CPU
		{CC7EFD53-A879-45D8-85B0-9C943AB3E239}.Release|Any CPU.Build.0 = Release|Any CPU
	EndGlobalSection
	GlobalSection(SolutionProperties) = preSolution
		HideSolutionNode = FALSE
	EndGlobalSection
	GlobalSection(ExtensibilityGlobals) = postSolution
		SolutionGuid = {614A5271-9889-4D48-80E7-C74E21DAC588}
	EndGlobalSection
EndGlobal
